
Microsoft Visual Studio Solution File, Format Version 12.00
# Visual Studio Version 17
VisualStudioVersion = 17.0.31903.59
MinimumVisualStudioVersion = 10.0.40219.1
Project("{FAE04EC0-301F-11D3-BF4B-00C04F79EFBC}") = "MauiLangEmbed", "MauiLangEmbedV2\MauiLangEmbed\MauiLangEmbed.csproj", "{7CEC7846-6D4F-4A0A-ACA0-2093FD20D296}"
EndProject
Project("{FAE04EC0-301F-11D3-BF4B-00C04F79EFBC}") = "MauiLangEmbed.Controls", "MauiLangEmbedV2\MauiLangEmbed.Controls\MauiLangEmbed.Controls.csproj", "{8AB4006C-57E1-4AE9-9CA3-A39F0F8E7D5A}"
EndProject
Project("{FAE04EC0-301F-11D3-BF4B-00C04F79EFBC}") = "MauiLangEmbedMacCatalyst", "MauiLangEmbedV2\MauiLangEmbedMacCatalyst\MauiLangEmbedMacCatalyst.csproj", "{3F8EC48D-D3F8-4BA2-8E07-CECA584C2291}"
EndProject
Global
	GlobalSection(SolutionConfigurationPlatforms) = preSolution
		Debug|Any CPU = Debug|Any CPU
		Release|Any CPU = Release|Any CPU
	EndGlobalSection
	GlobalSection(SolutionProperties) = preSolution
		HideSolutionNode = FALSE
	EndGlobalSection
	GlobalSection(ProjectConfigurationPlatforms) = postSolution
		{7CEC7846-6D4F-4A0A-ACA0-2093FD20D296}.Debug|Any CPU.ActiveCfg = Debug|Any CPU
		{7CEC7846-6D4F-4A0A-ACA0-2093FD20D296}.Debug|Any CPU.Build.0 = Debug|Any CPU
		{7CEC7846-6D4F-4A0A-ACA0-2093FD20D296}.Release|Any CPU.ActiveCfg = Release|Any CPU
		{7CEC7846-6D4F-4A0A-ACA0-2093FD20D296}.Release|Any CPU.Build.0 = Release|Any CPU
		{8AB4006C-57E1-4AE9-9CA3-A39F0F8E7D5A}.Debug|Any CPU.ActiveCfg = Debug|Any CPU
		{8AB4006C-57E1-4AE9-9CA3-A39F0F8E7D5A}.Debug|Any CPU.Build.0 = Debug|Any CPU
		{8AB4006C-57E1-4AE9-9CA3-A39F0F8E7D5A}.Release|Any CPU.ActiveCfg = Release|Any CPU
		{8AB4006C-57E1-4AE9-9CA3-A39F0F8E7D5A}.Release|Any CPU.Build.0 = Release|Any CPU
		{3F8EC48D-D3F8-4BA2-8E07-CECA584C2291}.Debug|Any CPU.ActiveCfg = Debug|Any CPU
		{3F8EC48D-D3F8-4BA2-8E07-CECA584C2291}.Debug|Any CPU.Build.0 = Debug|Any CPU
		{3F8EC48D-D3F8-4BA2-8E07-CECA584C2291}.Release|Any CPU.ActiveCfg = Release|Any CPU
		{3F8EC48D-D3F8-4BA2-8E07-CECA584C2291}.Release|Any CPU.Build.0 = Release|Any CPU
	EndGlobalSection
EndGlobal
